
Microsoft Visual Studio Solution File, Format Version 12.00
# Visual Studio Version 17
VisualStudioVersion = 17.13.35828.75 d17.13
MinimumVisualStudioVersion = 10.0.40219.1
Project("{FAE04EC0-301F-11D3-BF4B-00C04F79EFBC}") = "SocSurvey2", "SocSurvey2\SocSurvey2.csproj", "{CAAE19BD-5187-42AD-98B9-5F75535DF430}"
EndProject
Global
	GlobalSection(SolutionConfigurationPlatforms) = preSolution
		Debug|Any CPU = Debug|Any CPU
		Release|Any CPU = Release|Any CPU
	EndGlobalSection
	GlobalSection(ProjectConfigurationPlatforms) = postSolution
		{CAAE19BD-5187-42AD-98B9-5F75535DF430}.Debug|Any CPU.ActiveCfg = Debug|Any CPU
		{CAAE19BD-5187-42AD-98B9-5F75535DF430}.Debug|Any CPU.Build.0 = Debug|Any CPU
		{CAAE19BD-5187-42AD-98B9-5F75535DF430}.Release|Any CPU.ActiveCfg = Release|Any CPU
		{CAAE19BD-5187-42AD-98B9-5F75535DF430}.Release|Any CPU.Build.0 = Release|Any CPU
	EndGlobalSection
	GlobalSection(SolutionProperties) = preSolution
		HideSolutionNode = FALSE
	EndGlobalSection
	GlobalSection(ExtensibilityGlobals) = postSolution
		SolutionGuid = {02BCB9C0-A266-43AF-8F64-CF918D1CDAC8}
	EndGlobalSection
EndGlobal
